// !$*UTF8*$!
{
	archiveVersion = 1;
	classes = {
	};
	objectVersion = 46;
	objects = {

/* Begin PBXBuildFile section */
		D2A5E4771C9F4587004BF18A /* Firebase.framework in Frameworks */ = {isa = PBXBuildFile; fileRef = D2A5E4761C9F4587004BF18A /* Firebase.framework */; };
		D2A5E4791C9F4665004BF18A /* libicucore.tbd in Frameworks */ = {isa = PBXBuildFile; fileRef = D2A5E4781C9F4665004BF18A /* libicucore.tbd */; };
		D2A5E47B1C9F4683004BF18A /* libc++.tbd in Frameworks */ = {isa = PBXBuildFile; fileRef = D2A5E47A1C9F4683004BF18A /* libc++.tbd */; };
		D2A5E47D1C9F4699004BF18A /* CFNetwork.framework in Frameworks */ = {isa = PBXBuildFile; fileRef = D2A5E47C1C9F4699004BF18A /* CFNetwork.framework */; };
		D2A5E47F1C9F46AB004BF18A /* Security.framework in Frameworks */ = {isa = PBXBuildFile; fileRef = D2A5E47E1C9F46AB004BF18A /* Security.framework */; };
		D2A5E4811C9F46E8004BF18A /* SystemConfiguration.framework in Frameworks */ = {isa = PBXBuildFile; fileRef = D2A5E4801C9F46E8004BF18A /* SystemConfiguration.framework */; };
		D2A5E4831C9F4A03004BF18A /* Reachability.swift in Sources */ = {isa = PBXBuildFile; fileRef = D2A5E4821C9F4A03004BF18A /* Reachability.swift */; };
		D2BADD971C9CA9C700AACD71 /* AppDelegate.swift in Sources */ = {isa = PBXBuildFile; fileRef = D2BADD961C9CA9C700AACD71 /* AppDelegate.swift */; };
		D2BADD991C9CA9C700AACD71 /* ViewController.swift in Sources */ = {isa = PBXBuildFile; fileRef = D2BADD981C9CA9C700AACD71 /* ViewController.swift */; };
		D2BADD9C1C9CA9C700AACD71 /* Main.storyboard in Resources */ = {isa = PBXBuildFile; fileRef = D2BADD9A1C9CA9C700AACD71 /* Main.storyboard */; };
		D2BADD9E1C9CA9C700AACD71 /* Assets.xcassets in Resources */ = {isa = PBXBuildFile; fileRef = D2BADD9D1C9CA9C700AACD71 /* Assets.xcassets */; };
		D2BADDA11C9CA9C700AACD71 /* LaunchScreen.storyboard in Resources */ = {isa = PBXBuildFile; fileRef = D2BADD9F1C9CA9C700AACD71 /* LaunchScreen.storyboard */; };
		D2BADDAC1C9CA9C800AACD71 /* Guarranteed_PricingTests.swift in Sources */ = {isa = PBXBuildFile; fileRef = D2BADDAB1C9CA9C800AACD71 /* Guarranteed_PricingTests.swift */; };
		D2BADDB71C9CA9C800AACD71 /* Guarranteed_PricingUITests.swift in Sources */ = {isa = PBXBuildFile; fileRef = D2BADDB61C9CA9C800AACD71 /* Guarranteed_PricingUITests.swift */; };
/* End PBXBuildFile section */

/* Begin PBXContainerItemProxy section */
		D2BADDA81C9CA9C800AACD71 /* PBXContainerItemProxy */ = {
			isa = PBXContainerItemProxy;
			containerPortal = D2BADD8B1C9CA9C700AACD71 /* Project object */;
			proxyType = 1;
			remoteGlobalIDString = D2BADD921C9CA9C700AACD71;
			remoteInfo = "Guarranteed Pricing";
		};
		D2BADDB31C9CA9C800AACD71 /* PBXContainerItemProxy */ = {
			isa = PBXContainerItemProxy;
			containerPortal = D2BADD8B1C9CA9C700AACD71 /* Project object */;
			proxyType = 1;
			remoteGlobalIDString = D2BADD921C9CA9C700AACD71;
			remoteInfo = "Guarranteed Pricing";
		};
/* End PBXContainerItemProxy section */

/* Begin PBXFileReference section */
		D2A5E4761C9F4587004BF18A /* Firebase.framework */ = {isa = PBXFileReference; lastKnownFileType = wrapper.framework; name = Firebase.framework; path = ../../Desktop/Firebase.framework; sourceTree = "<group>"; };
		D2A5E4781C9F4665004BF18A /* libicucore.tbd */ = {isa = PBXFileReference; lastKnownFileType = "sourcecode.text-based-dylib-definition"; name = libicucore.tbd; path = usr/lib/libicucore.tbd; sourceTree = SDKROOT; };
		D2A5E47A1C9F4683004BF18A /* libc++.tbd */ = {isa = PBXFileReference; lastKnownFileType = "sourcecode.text-based-dylib-definition"; name = "libc++.tbd"; path = "usr/lib/libc++.tbd"; sourceTree = SDKROOT; };
		D2A5E47C1C9F4699004BF18A /* CFNetwork.framework */ = {isa = PBXFileReference; lastKnownFileType = wrapper.framework; name = CFNetwork.framework; path = System/Library/Frameworks/CFNetwork.framework; sourceTree = SDKROOT; };
		D2A5E47E1C9F46AB004BF18A /* Security.framework */ = {isa = PBXFileReference; lastKnownFileType = wrapper.framework; name = Security.framework; path = System/Library/Frameworks/Security.framework; sourceTree = SDKROOT; };
		D2A5E4801C9F46E8004BF18A /* SystemConfiguration.framework */ = {isa = PBXFileReference; lastKnownFileType = wrapper.framework; name = SystemConfiguration.framework; path = System/Library/Frameworks/SystemConfiguration.framework; sourceTree = SDKROOT; };
		D2A5E4821C9F4A03004BF18A /* Reachability.swift */ = {isa = PBXFileReference; fileEncoding = 4; lastKnownFileType = sourcecode.swift; path = Reachability.swift; sourceTree = "<group>"; };
		D2BADD931C9CA9C700AACD71 /* Guarranteed Pricing.app */ = {isa = PBXFileReference; explicitFileType = wrapper.application; includeInIndex = 0; path = "Guarranteed Pricing.app"; sourceTree = BUILT_PRODUCTS_DIR; };
		D2BADD961C9CA9C700AACD71 /* AppDelegate.swift */ = {isa = PBXFileReference; lastKnownFileType = sourcecode.swift; path = AppDelegate.swift; sourceTree = "<group>"; };
		D2BADD981C9CA9C700AACD71 /* ViewController.swift */ = {isa = PBXFileReference; lastKnownFileType = sourcecode.swift; path = ViewController.swift; sourceTree = "<group>"; };
		D2BADD9B1C9CA9C700AACD71 /* Base */ = {isa = PBXFileReference; lastKnownFileType = file.storyboard; name = Base; path = Base.lproj/Main.storyboard; sourceTree = "<group>"; };
		D2BADD9D1C9CA9C700AACD71 /* Assets.xcassets */ = {isa = PBXFileReference; lastKnownFileType = folder.assetcatalog; path = Assets.xcassets; sourceTree = "<group>"; };
		D2BADDA01C9CA9C700AACD71 /* Base */ = {isa = PBXFileReference; lastKnownFileType = file.storyboard; name = Base; path = Base.lproj/LaunchScreen.storyboard; sourceTree = "<group>"; };
		D2BADDA21C9CA9C700AACD71 /* Info.plist */ = {isa = PBXFileReference; lastKnownFileType = text.plist.xml; path = Info.plist; sourceTree = "<group>"; };
		D2BADDA71C9CA9C800AACD71 /* Guarranteed PricingTests.xctest */ = {isa = PBXFileReference; explicitFileType = wrapper.cfbundle; includeInIndex = 0; path = "Guarranteed PricingTests.xctest"; sourceTree = BUILT_PRODUCTS_DIR; };
		D2BADDAB1C9CA9C800AACD71 /* Guarranteed_PricingTests.swift */ = {isa = PBXFileReference; lastKnownFileType = sourcecode.swift; path = Guarranteed_PricingTests.swift; sourceTree = "<group>"; };
		D2BADDAD1C9CA9C800AACD71 /* Info.plist */ = {isa = PBXFileReference; lastKnownFileType = text.plist.xml; path = Info.plist; sourceTree = "<group>"; };
		D2BADDB21C9CA9C800AACD71 /* Guarranteed PricingUITests.xctest */ = {isa = PBXFileReference; explicitFileType = wrapper.cfbundle; includeInIndex = 0; path = "Guarranteed PricingUITests.xctest"; sourceTree = BUILT_PRODUCTS_DIR; };
		D2BADDB61C9CA9C800AACD71 /* Guarranteed_PricingUITests.swift */ = {isa = PBXFileReference; lastKnownFileType = sourcecode.swift; path = Guarranteed_PricingUITests.swift; sourceTree = "<group>"; };
		D2BADDB81C9CA9C800AACD71 /* Info.plist */ = {isa = PBXFileReference; lastKnownFileType = text.plist.xml; path = Info.plist; sourceTree = "<group>"; };
/* End PBXFileReference section */

/* Begin PBXFrameworksBuildPhase section */
		D2BADD901C9CA9C700AACD71 /* Frameworks */ = {
			isa = PBXFrameworksBuildPhase;
			buildActionMask = 2147483647;
			files = (
				D2A5E4811C9F46E8004BF18A /* SystemConfiguration.framework in Frameworks */,
				D2A5E47F1C9F46AB004BF18A /* Security.framework in Frameworks */,
				D2A5E47D1C9F4699004BF18A /* CFNetwork.framework in Frameworks */,
				D2A5E47B1C9F4683004BF18A /* libc++.tbd in Frameworks */,
				D2A5E4791C9F4665004BF18A /* libicucore.tbd in Frameworks */,
				D2A5E4771C9F4587004BF18A /* Firebase.framework in Frameworks */,
			);
			runOnlyForDeploymentPostprocessing = 0;
		};
		D2BADDA41C9CA9C800AACD71 /* Frameworks */ = {
			isa = PBXFrameworksBuildPhase;
			buildActionMask = 2147483647;
			files = (
			);
			runOnlyForDeploymentPostprocessing = 0;
		};
		D2BADDAF1C9CA9C800AACD71 /* Frameworks */ = {
			isa = PBXFrameworksBuildPhase;
			buildActionMask = 2147483647;
			files = (
			);
			runOnlyForDeploymentPostprocessing = 0;
		};
/* End PBXFrameworksBuildPhase section */

/* Begin PBXGroup section */
		D2BADD8A1C9CA9C700AACD71 = {
			isa = PBXGroup;
			children = (
				D2A5E4801C9F46E8004BF18A /* SystemConfiguration.framework */,
				D2A5E47E1C9F46AB004BF18A /* Security.framework */,
				D2A5E47C1C9F4699004BF18A /* CFNetwork.framework */,
				D2A5E47A1C9F4683004BF18A /* libc++.tbd */,
				D2A5E4781C9F4665004BF18A /* libicucore.tbd */,
				D2A5E4761C9F4587004BF18A /* Firebase.framework */,
				D2BADD951C9CA9C700AACD71 /* Guarranteed Pricing */,
				D2BADDAA1C9CA9C800AACD71 /* Guarranteed PricingTests */,
				D2BADDB51C9CA9C800AACD71 /* Guarranteed PricingUITests */,
				D2BADD941C9CA9C700AACD71 /* Products */,
			);
			sourceTree = "<group>";
		};
		D2BADD941C9CA9C700AACD71 /* Products */ = {
			isa = PBXGroup;
			children = (
				D2BADD931C9CA9C700AACD71 /* Guarranteed Pricing.app */,
				D2BADDA71C9CA9C800AACD71 /* Guarranteed PricingTests.xctest */,
				D2BADDB21C9CA9C800AACD71 /* Guarranteed PricingUITests.xctest */,
			);
			name = Products;
			sourceTree = "<group>";
		};
		D2BADD951C9CA9C700AACD71 /* Guarranteed Pricing */ = {
			isa = PBXGroup;
			children = (
				D2BADD961C9CA9C700AACD71 /* AppDelegate.swift */,
				D2BADD981C9CA9C700AACD71 /* ViewController.swift */,
				D2A5E4821C9F4A03004BF18A /* Reachability.swift */,
				D2BADD9A1C9CA9C700AACD71 /* Main.storyboard */,
				D2BADD9D1C9CA9C700AACD71 /* Assets.xcassets */,
				D2BADD9F1C9CA9C700AACD71 /* LaunchScreen.storyboard */,
				D2BADDA21C9CA9C700AACD71 /* Info.plist */,
			);
			path = "Guarranteed Pricing";
			sourceTree = "<group>";
		};
		D2BADDAA1C9CA9C800AACD71 /* Guarranteed PricingTests */ = {
			isa = PBXGroup;
			children = (
				D2BADDAB1C9CA9C800AACD71 /* Guarranteed_PricingTests.swift */,
				D2BADDAD1C9CA9C800AACD71 /* Info.plist */,
			);
			path = "Guarranteed PricingTests";
			sourceTree = "<group>";
		};
		D2BADDB51C9CA9C800AACD71 /* Guarranteed PricingUITests */ = {
			isa = PBXGroup;
			children = (
				D2BADDB61C9CA9C800AACD71 /* Guarranteed_PricingUITests.swift */,
				D2BADDB81C9CA9C800AACD71 /* Info.plist */,
			);
			path = "Guarranteed PricingUITests";
			sourceTree = "<group>";
		};
/* End PBXGroup section */

/* Begin PBXNativeTarget section */
		D2BADD921C9CA9C700AACD71 /* Guarranteed Pricing */ = {
			isa = PBXNativeTarget;
			buildConfigurationList = D2BADDBB1C9CA9C800AACD71 /* Build configuration list for PBXNativeTarget "Guarranteed Pricing" */;
			buildPhases = (
				D2BADD8F1C9CA9C700AACD71 /* Sources */,
				D2BADD901C9CA9C700AACD71 /* Frameworks */,
				D2BADD911C9CA9C700AACD71 /* Resources */,
			);
			buildRules = (
			);
			dependencies = (
			);
			name = "Guarranteed Pricing";
			productName = "Guarranteed Pricing";
			productReference = D2BADD931C9CA9C700AACD71 /* Guarranteed Pricing.app */;
			productType = "com.apple.product-type.application";
		};
		D2BADDA61C9CA9C800AACD71 /* Guarranteed PricingTests */ = {
			isa = PBXNativeTarget;
			buildConfigurationList = D2BADDBE1C9CA9C800AACD71 /* Build configuration list for PBXNativeTarget "Guarranteed PricingTests" */;
			buildPhases = (
				D2BADDA31C9CA9C800AACD71 /* Sources */,
				D2BADDA41C9CA9C800AACD71 /* Frameworks */,
				D2BADDA51C9CA9C800AACD71 /* Resources */,
			);
			buildRules = (
			);
			dependencies = (
				D2BADDA91C9CA9C800AACD71 /* PBXTargetDependency */,
			);
			name = "Guarranteed PricingTests";
			productName = "Guarranteed PricingTests";
			productReference = D2BADDA71C9CA9C800AACD71 /* Guarranteed PricingTests.xctest */;
			productType = "com.apple.product-type.bundle.unit-test";
		};
		D2BADDB11C9CA9C800AACD71 /* Guarranteed PricingUITests */ = {
			isa = PBXNativeTarget;
			buildConfigurationList = D2BADDC11C9CA9C800AACD71 /* Build configuration list for PBXNativeTarget "Guarranteed PricingUITests" */;
			buildPhases = (
				D2BADDAE1C9CA9C800AACD71 /* Sources */,
				D2BADDAF1C9CA9C800AACD71 /* Frameworks */,
				D2BADDB01C9CA9C800AACD71 /* Resources */,
			);
			buildRules = (
			);
			dependencies = (
				D2BADDB41C9CA9C800AACD71 /* PBXTargetDependency */,
			);
			name = "Guarranteed PricingUITests";
			productName = "Guarranteed PricingUITests";
			productReference = D2BADDB21C9CA9C800AACD71 /* Guarranteed PricingUITests.xctest */;
			productType = "com.apple.product-type.bundle.ui-testing";
		};
/* End PBXNativeTarget section */

/* Begin PBXProject section */
		D2BADD8B1C9CA9C700AACD71 /* Project object */ = {
			isa = PBXProject;
			attributes = {
				LastSwiftUpdateCheck = 0720;
				LastUpgradeCheck = 0720;
				ORGANIZATIONNAME = "True Tech Home Services";
				TargetAttributes = {
					D2BADD921C9CA9C700AACD71 = {
						CreatedOnToolsVersion = 7.2.1;
					};
					D2BADDA61C9CA9C800AACD71 = {
						CreatedOnToolsVersion = 7.2.1;
						TestTargetID = D2BADD921C9CA9C700AACD71;
					};
					D2BADDB11C9CA9C800AACD71 = {
						CreatedOnToolsVersion = 7.2.1;
						TestTargetID = D2BADD921C9CA9C700AACD71;
					};
				};
			};
			buildConfigurationList = D2BADD8E1C9CA9C700AACD71 /* Build configuration list for PBXProject "Guarranteed Pricing" */;
			compatibilityVersion = "Xcode 3.2";
			developmentRegion = English;
			hasScannedForEncodings = 0;
			knownRegions = (
				en,
				Base,
			);
			mainGroup = D2BADD8A1C9CA9C700AACD71;
			productRefGroup = D2BADD941C9CA9C700AACD71 /* Products */;
			projectDirPath = "";
			projectRoot = "";
			targets = (
				D2BADD921C9CA9C700AACD71 /* Guarranteed Pricing */,
				D2BADDA61C9CA9C800AACD71 /* Guarranteed PricingTests */,
				D2BADDB11C9CA9C800AACD71 /* Guarranteed PricingUITests */,
			);
		};
/* End PBXProject section */

/* Begin PBXResourcesBuildPhase section */
		D2BADD911C9CA9C700AACD71 /* Resources */ = {
			isa = PBXResourcesBuildPhase;
			buildActionMask = 2147483647;
			files = (
				D2BADDA11C9CA9C700AACD71 /* LaunchScreen.storyboard in Resources */,
				D2BADD9E1C9CA9C700AACD71 /* Assets.xcassets in Resources */,
				D2BADD9C1C9CA9C700AACD71 /* Main.storyboard in Resources */,
			);
			runOnlyForDeploymentPostprocessing = 0;
		};
		D2BADDA51C9CA9C800AACD71 /* Resources */ = {
			isa = PBXResourcesBuildPhase;
			buildActionMask = 2147483647;
			files = (
			);
			runOnlyForDeploymentPostprocessing = 0;
		};
		D2BADDB01C9CA9C800AACD71 /* Resources */ = {
			isa = PBXResourcesBuildPhase;
			buildActionMask = 2147483647;
			files = (
			);
			runOnlyForDeploymentPostprocessing = 0;
		};
/* End PBXResourcesBuildPhase section */

/* Begin PBXSourcesBuildPhase section */
		D2BADD8F1C9CA9C700AACD71 /* Sources */ = {
			isa = PBXSourcesBuildPhase;
			buildActionMask = 2147483647;
			files = (
				D2BADD991C9CA9C700AACD71 /* ViewController.swift in Sources */,
				D2BADD971C9CA9C700AACD71 /* AppDelegate.swift in Sources */,
				D2A5E4831C9F4A03004BF18A /* Reachability.swift in Sources */,
			);
			runOnlyForDeploymentPostprocessing = 0;
		};
		D2BADDA31C9CA9C800AACD71 /* Sources */ = {
			isa = PBXSourcesBuildPhase;
			buildActionMask = 2147483647;
			files = (
				D2BADDAC1C9CA9C800AACD71 /* Guarranteed_PricingTests.swift in Sources */,
			);
			runOnlyForDeploymentPostprocessing = 0;
		};
		D2BADDAE1C9CA9C800AACD71 /* Sources */ = {
			isa = PBXSourcesBuildPhase;
			buildActionMask = 2147483647;
			files = (
				D2BADDB71C9CA9C800AACD71 /* Guarranteed_PricingUITests.swift in Sources */,
			);
			runOnlyForDeploymentPostprocessing = 0;
		};
/* End PBXSourcesBuildPhase section */

/* Begin PBXTargetDependency section */
		D2BADDA91C9CA9C800AACD71 /* PBXTargetDependency */ = {
			isa = PBXTargetDependency;
			target = D2BADD921C9CA9C700AACD71 /* Guarranteed Pricing */;
			targetProxy = D2BADDA81C9CA9C800AACD71 /* PBXContainerItemProxy */;
		};
		D2BADDB41C9CA9C800AACD71 /* PBXTargetDependency */ = {
			isa = PBXTargetDependency;
			target = D2BADD921C9CA9C700AACD71 /* Guarranteed Pricing */;
			targetProxy = D2BADDB31C9CA9C800AACD71 /* PBXContainerItemProxy */;
		};
/* End PBXTargetDependency section */

/* Begin PBXVariantGroup section */
		D2BADD9A1C9CA9C700AACD71 /* Main.storyboard */ = {
			isa = PBXVariantGroup;
			children = (
				D2BADD9B1C9CA9C700AACD71 /* Base */,
			);
			name = Main.storyboard;
			sourceTree = "<group>";
		};
		D2BADD9F1C9CA9C700AACD71 /* LaunchScreen.storyboard */ = {
			isa = PBXVariantGroup;
			children = (
				D2BADDA01C9CA9C700AACD71 /* Base */,
			);
			name = LaunchScreen.storyboard;
			sourceTree = "<group>";
		};
/* End PBXVariantGroup section */

/* Begin XCBuildConfiguration section */
		D2BADDB91C9CA9C800AACD71 /* Debug */ = {
			isa = XCBuildConfiguration;
			buildSettings = {
				ALWAYS_SEARCH_USER_PATHS = NO;
				CLANG_CXX_LANGUAGE_STANDARD = "gnu++0x";
				CLANG_CXX_LIBRARY = "libc++";
				CLANG_ENABLE_MODULES = YES;
				CLANG_ENABLE_OBJC_ARC = YES;
				CLANG_WARN_BOOL_CONVERSION = YES;
				CLANG_WARN_CONSTANT_CONVERSION = YES;
				CLANG_WARN_DIRECT_OBJC_ISA_USAGE = YES_ERROR;
				CLANG_WARN_EMPTY_BODY = YES;
				CLANG_WARN_ENUM_CONVERSION = YES;
				CLANG_WARN_INT_CONVERSION = YES;
				CLANG_WARN_OBJC_ROOT_CLASS = YES_ERROR;
				CLANG_WARN_UNREACHABLE_CODE = YES;
				CLANG_WARN__DUPLICATE_METHOD_MATCH = YES;
				"CODE_SIGN_IDENTITY[sdk=iphoneos*]" = "iPhone Developer";
				COPY_PHASE_STRIP = NO;
				DEBUG_INFORMATION_FORMAT = dwarf;
				ENABLE_STRICT_OBJC_MSGSEND = YES;
				ENABLE_TESTABILITY = YES;
				GCC_C_LANGUAGE_STANDARD = gnu99;
				GCC_DYNAMIC_NO_PIC = NO;
				GCC_NO_COMMON_BLOCKS = YES;
				GCC_OPTIMIZATION_LEVEL = 0;
				GCC_PREPROCESSOR_DEFINITIONS = (
					"DEBUG=1",
					"$(inherited)",
				);
				GCC_WARN_64_TO_32_BIT_CONVERSION = YES;
				GCC_WARN_ABOUT_RETURN_TYPE = YES_ERROR;
				GCC_WARN_UNDECLARED_SELECTOR = YES;
				GCC_WARN_UNINITIALIZED_AUTOS = YES_AGGRESSIVE;
				GCC_WARN_UNUSED_FUNCTION = YES;
				GCC_WARN_UNUSED_VARIABLE = YES;
				IPHONEOS_DEPLOYMENT_TARGET = 9.2;
				MTL_ENABLE_DEBUG_INFO = YES;
				ONLY_ACTIVE_ARCH = YES;
				SDKROOT = iphoneos;
				SWIFT_OPTIMIZATION_LEVEL = "-Onone";
				TARGETED_DEVICE_FAMILY = "1,2";
			};
			name = Debug;
		};
		D2BADDBA1C9CA9C800AACD71 /* Release */ = {
			isa = XCBuildConfiguration;
			buildSettings = {
				ALWAYS_SEARCH_USER_PATHS = NO;
				CLANG_CXX_LANGUAGE_STANDARD = "gnu++0x";
				CLANG_CXX_LIBRARY = "libc++";
				CLANG_ENABLE_MODULES = YES;
				CLANG_ENABLE_OBJC_ARC = YES;
				CLANG_WARN_BOOL_CONVERSION = YES;
				CLANG_WARN_CONSTANT_CONVERSION = YES;
				CLANG_WARN_DIRECT_OBJC_ISA_USAGE = YES_ERROR;
				CLANG_WARN_EMPTY_BODY = YES;
				CLANG_WARN_ENUM_CONVERSION = YES;
				CLANG_WARN_INT_CONVERSION = YES;
				CLANG_WARN_OBJC_ROOT_CLASS = YES_ERROR;
				CLANG_WARN_UNREACHABLE_CODE = YES;
				CLANG_WARN__DUPLICATE_METHOD_MATCH = YES;
				"CODE_SIGN_IDENTITY[sdk=iphoneos*]" = "iPhone Developer";
				COPY_PHASE_STRIP = NO;
				DEBUG_INFORMATION_FORMAT = "dwarf-with-dsym";
				ENABLE_NS_ASSERTIONS = NO;
				ENABLE_STRICT_OBJC_MSGSEND = YES;
				GCC_C_LANGUAGE_STANDARD = gnu99;
				GCC_NO_COMMON_BLOCKS = YES;
				GCC_WARN_64_TO_32_BIT_CONVERSION = YES;
				GCC_WARN_ABOUT_RETURN_TYPE = YES_ERROR;
				GCC_WARN_UNDECLARED_SELECTOR = YES;
				GCC_WARN_UNINITIALIZED_AUTOS = YES_AGGRESSIVE;
				GCC_WARN_UNUSED_FUNCTION = YES;
				GCC_WARN_UNUSED_VARIABLE = YES;
				IPHONEOS_DEPLOYMENT_TARGET = 9.2;
				MTL_ENABLE_DEBUG_INFO = NO;
				SDKROOT = iphoneos;
				TARGETED_DEVICE_FAMILY = "1,2";
				VALIDATE_PRODUCT = YES;
			};
			name = Release;
		};
		D2BADDBC1C9CA9C800AACD71 /* Debug */ = {
			isa = XCBuildConfiguration;
			buildSettings = {
				ASSETCATALOG_COMPILER_APPICON_NAME = AppIcon;
				INFOPLIST_FILE = "Guarranteed Pricing/Info.plist";
				LD_RUNPATH_SEARCH_PATHS = "$(inherited) @executable_path/Frameworks";
				OTHER_LDFLAGS = "-ObjC";
				PRODUCT_BUNDLE_IDENTIFIER = "com.truetechhomeservice.Guarranteed-Pricing";
				PRODUCT_NAME = "$(TARGET_NAME)";
			};
			name = Debug;
		};
		D2BADDBD1C9CA9C800AACD71 /* Release */ = {
			isa = XCBuildConfiguration;
			buildSettings = {
				ASSETCATALOG_COMPILER_APPICON_NAME = AppIcon;
				INFOPLIST_FILE = "Guarranteed Pricing/Info.plist";
				LD_RUNPATH_SEARCH_PATHS = "$(inherited) @executable_path/Frameworks";
				OTHER_LDFLAGS = "-ObjC";
				PRODUCT_BUNDLE_IDENTIFIER = "com.truetechhomeservice.Guarranteed-Pricing";
				PRODUCT_NAME = "$(TARGET_NAME)";
			};
			name = Release;
		};
		D2BADDBF1C9CA9C800AACD71 /* Debug */ = {
			isa = XCBuildConfiguration;
			buildSettings = {
				BUNDLE_LOADER = "$(TEST_HOST)";
				INFOPLIST_FILE = "Guarranteed PricingTests/Info.plist";
				LD_RUNPATH_SEARCH_PATHS = "$(inherited) @executable_path/Frameworks @loader_path/Frameworks";
				PRODUCT_BUNDLE_IDENTIFIER = "com.truetechhomeservice.Guarranteed-PricingTests";
				PRODUCT_NAME = "$(TARGET_NAME)";
				TEST_HOST = "$(BUILT_PRODUCTS_DIR)/Guarranteed Pricing.app/Guarranteed Pricing";
			};
			name = Debug;
		};
		D2BADDC01C9CA9C800AACD71 /* Release */ = {
			isa = XCBuildConfiguration;
			buildSettings = {
				BUNDLE_LOADER = "$(TEST_HOST)";
				INFOPLIST_FILE = "Guarranteed PricingTests/Info.plist";
				LD_RUNPATH_SEARCH_PATHS = "$(inherited) @executable_path/Frameworks @loader_path/Frameworks";
				PRODUCT_BUNDLE_IDENTIFIER = "com.truetechhomeservice.Guarranteed-PricingTests";
				PRODUCT_NAME = "$(TARGET_NAME)";
				TEST_HOST = "$(BUILT_PRODUCTS_DIR)/Guarranteed Pricing.app/Guarranteed Pricing";
			};
			name = Release;
		};
		D2BADDC21C9CA9C800AACD71 /* Debug */ = {
			isa = XCBuildConfiguration;
			buildSettings = {
				INFOPLIST_FILE = "Guarranteed PricingUITests/Info.plist";
				LD_RUNPATH_SEARCH_PATHS = "$(inherited) @executable_path/Frameworks @loader_path/Frameworks";
				PRODUCT_BUNDLE_IDENTIFIER = "com.truetechhomeservice.Guarranteed-PricingUITests";
				PRODUCT_NAME = "$(TARGET_NAME)";
				TEST_TARGET_NAME = "Guarranteed Pricing";
				USES_XCTRUNNER = YES;
			};
			name = Debug;
		};
		D2BADDC31C9CA9C800AACD71 /* Release */ = {
			isa = XCBuildConfiguration;
			buildSettings = {
				INFOPLIST_FILE = "Guarranteed PricingUITests/Info.plist";
				LD_RUNPATH_SEARCH_PATHS = "$(inherited) @executable_path/Frameworks @loader_path/Frameworks";
				PRODUCT_BUNDLE_IDENTIFIER = "com.truetechhomeservice.Guarranteed-PricingUITests";
				PRODUCT_NAME = "$(TARGET_NAME)";
				TEST_TARGET_NAME = "Guarranteed Pricing";
				USES_XCTRUNNER = YES;
			};
			name = Release;
		};
/* End XCBuildConfiguration section */

/* Begin XCConfigurationList section */
		D2BADD8E1C9CA9C700AACD71 /* Build configuration list for PBXProject "Guarranteed Pricing" */ = {
			isa = XCConfigurationList;
			buildConfigurations = (
				D2BADDB91C9CA9C800AACD71 /* Debug */,
				D2BADDBA1C9CA9C800AACD71 /* Release */,
			);
			defaultConfigurationIsVisible = 0;
			defaultConfigurationName = Release;
		};
		D2BADDBB1C9CA9C800AACD71 /* Build configuration list for PBXNativeTarget "Guarranteed Pricing" */ = {
			isa = XCConfigurationList;
			buildConfigurations = (
				D2BADDBC1C9CA9C800AACD71 /* Debug */,
				D2BADDBD1C9CA9C800AACD71 /* Release */,
			);
			defaultConfigurationIsVisible = 0;
			defaultConfigurationName = Release;
		};
		D2BADDBE1C9CA9C800AACD71 /* Build configuration list for PBXNativeTarget "Guarranteed PricingTests" */ = {
			isa = XCConfigurationList;
			buildConfigurations = (
				D2BADDBF1C9CA9C800AACD71 /* Debug */,
				D2BADDC01C9CA9C800AACD71 /* Release */,
			);
			defaultConfigurationIsVisible = 0;
			defaultConfigurationName = Release;
		};
		D2BADDC11C9CA9C800AACD71 /* Build configuration list for PBXNativeTarget "Guarranteed PricingUITests" */ = {
			isa = XCConfigurationList;
			buildConfigurations = (
				D2BADDC21C9CA9C800AACD71 /* Debug */,
				D2BADDC31C9CA9C800AACD71 /* Release */,
			);
			defaultConfigurationIsVisible = 0;
			defaultConfigurationName = Release;
		};
/* End XCConfigurationList section */
	};
	rootObject = D2BADD8B1C9CA9C700AACD71 /* Project object */;
}
